FORGE
  remote: http://forge.puppetlabs.com
  specs:
    puppetlabs/apt (1.4.0)
      puppetlabs/stdlib (>= 2.2.1)
    puppetlabs/stdlib (4.1.0)
    stahnma/epel (0.0.5)

GIT
  remote: git://github.com/mstrauss/puppet-editfile.git
  ref: master
  sha: 884efdc0997af667f24625e696630e6b1db5a952
  specs:
    editfile (0.0.1)

GIT
  remote: git://github.com/narkisr/puppet-redis.git
  ref: master
  sha: 4b033ad90847afa98ca37e777c6b06e4d677a4d0
  specs:
    redis (0.0.1)

DEPENDENCIES
  editfile (>= 0)
  puppetlabs/apt (>= 0)
  puppetlabs/stdlib (>= 0)
  redis (>= 0)
  stahnma/epel (>= 0)

