FORGE
  remote: https://forgeapi.puppetlabs.com
  specs:
    puppetlabs-apt (2.2.2)
      puppetlabs-stdlib (< 5.0.0, >= 4.5.0)
    puppetlabs-stdlib (4.11.0)
    stahnma-epel (1.2.2)
      puppetlabs-stdlib (>= 3.0.0)
    thias-sysctl (1.0.6)

GIT
  remote: git://github.com/mstrauss/puppet-editfile.git
  ref: master
  sha: 884efdc0997af667f24625e696630e6b1db5a952
  specs:
    mstrauss-editfile (0.0.1)

GIT
  remote: git://github.com/pulling-strings/puppet-redis.git
  ref: master
  sha: 018431a520f0cb8a668d9ce67c8a6ba33bebfe46
  specs:
    strings-redis (0.0.1)
      puppetlabs-apt (>= 0)
      thias-sysctl (>= 0)

DEPENDENCIES
  mstrauss-editfile (>= 0)
  puppetlabs-apt (>= 0)
  puppetlabs-stdlib (>= 0)
  stahnma-epel (>= 0)
  strings-redis (>= 0)

