FORGE
  remote: https://forgeapi.puppetlabs.com
  specs:
    puppetlabs-apt (2.1.1)
      puppetlabs-stdlib (< 5.0.0, >= 4.5.0)
    puppetlabs-stdlib (4.9.0)
    stahnma-epel (1.1.1)
    thias-sysctl (1.0.2)

GIT
  remote: git://github.com/mstrauss/puppet-editfile.git
  ref: master
  sha: 884efdc0997af667f24625e696630e6b1db5a952
  specs:
    mstrauss-editfile (0.0.1)

GIT
  remote: git://github.com/pulling-strings/puppet-redis.git
  ref: master
  sha: de722196fd8520af33c61bd4ef27447d8b4a1c67
  specs:
    strings-redis (0.0.1)
      puppetlabs-apt (>= 0)
      thias-sysctl (>= 0)

DEPENDENCIES
  mstrauss-editfile (>= 0)
  puppetlabs-apt (>= 0)
  puppetlabs-stdlib (>= 0)
  stahnma-epel (>= 0)
  strings-redis (>= 0)

